
Microsoft Visual Studio Solution File, Format Version 12.00
# Visual Studio Version 17
VisualStudioVersion = 17.9.34728.123
MinimumVisualStudioVersion = 10.0.40219.1
Project("{F2A71F9B-5D33-465A-A702-920D77279786}") = "mschxudp", "mschxudp\mschxudp.fsproj", "{3ABFAABC-25E5-4B83-99F4-F82F79EF190A}"
EndProject
Global
	GlobalSection(SolutionConfigurationPlatforms) = preSolution
		Debug|Any CPU = Debug|Any CPU
		Release|Any CPU = Release|Any CPU
	EndGlobalSection
	GlobalSection(ProjectConfigurationPlatforms) = postSolution
		{3ABFAABC-25E5-4B83-99F4-F82F79EF190A}.Debug|Any CPU.ActiveCfg = Debug|Any CPU
		{3ABFAABC-25E5-4B83-99F4-F82F79EF190A}.Debug|Any CPU.Build.0 = Debug|Any CPU
		{3ABFAABC-25E5-4B83-99F4-F82F79EF190A}.Release|Any CPU.ActiveCfg = Release|Any CPU
		{3ABFAABC-25E5-4B83-99F4-F82F79EF190A}.Release|Any CPU.Build.0 = Release|Any CPU
	EndGlobalSection
	GlobalSection(SolutionProperties) = preSolution
		HideSolutionNode = FALSE
	EndGlobalSection
	GlobalSection(ExtensibilityGlobals) = postSolution
		SolutionGuid = {35F7CEBE-DBA8-419C-9B9E-BFA0728516A1}
	EndGlobalSection
EndGlobal
